
Microsoft Visual Studio Solution File, Format Version 12.00
# Visual Studio Version 16
VisualStudioVersion = 16.0.30011.22
MinimumVisualStudioVersion = 10.0.40219.1
Project("{888888A0-9F3D-457C-B088-3A5042F75D52}") = "Cards", "Cards\Cards.pyproj", "{3C80A905-093F-457B-B0CB-CBF0230E7285}"
EndProject
Global
	GlobalSection(SolutionConfigurationPlatforms) = preSolution
		Debug|Any CPU = Debug|Any CPU
		Release|Any CPU = Release|Any CPU
	EndGlobalSection
	GlobalSection(ProjectConfigurationPlatforms) = postSolution
		{3C80A905-093F-457B-B0CB-CBF0230E7285}.Debug|Any CPU.ActiveCfg = Debug|Any CPU
		{3C80A905-093F-457B-B0CB-CBF0230E7285}.Release|Any CPU.ActiveCfg = Release|Any CPU
	EndGlobalSection
	GlobalSection(SolutionProperties) = preSolution
		HideSolutionNode = FALSE
	EndGlobalSection
	GlobalSection(ExtensibilityGlobals) = postSolution
		SolutionGuid = {CFC8243A-0004-4024-BC54-A88EAB698415}
	EndGlobalSection
EndGlobal
